
Microsoft Visual Studio Solution File, Format Version 12.00
# Visual Studio 15
VisualStudioVersion = 15.0.27130.2027
MinimumVisualStudioVersion = 10.0.40219.1
Project("{F184B08F-C81C-45F6-A57F-5ABD9991F28F}") = "Spares", "Spares\Spares.vbproj", "{B3E575F3-824B-4A14-B0AC-9D386613482D}"
EndProject
Global
	GlobalSection(SolutionConfigurationPlatforms) = preSolution
		Debug|Any CPU = Debug|Any CPU
		Release|Any CPU = Release|Any CPU
	EndGlobalSection
	GlobalSection(ProjectConfigurationPlatforms) = postSolution
		{B3E575F3-824B-4A14-B0AC-9D386613482D}.Debug|Any CPU.ActiveCfg = Debug|Any CPU
		{B3E575F3-824B-4A14-B0AC-9D386613482D}.Debug|Any CPU.Build.0 = Debug|Any CPU
		{B3E575F3-824B-4A14-B0AC-9D386613482D}.Release|Any CPU.ActiveCfg = Release|Any CPU
		{B3E575F3-824B-4A14-B0AC-9D386613482D}.Release|Any CPU.Build.0 = Release|Any CPU
	EndGlobalSection
	GlobalSection(SolutionProperties) = preSolution
		HideSolutionNode = FALSE
	EndGlobalSection
	GlobalSection(ExtensibilityGlobals) = postSolution
		SolutionGuid = {5C478A45-A2AA-44F0-A20F-B5CB6418C684}
	EndGlobalSection
EndGlobal
